
Microsoft Visual Studio Solution File, Format Version 12.00
# Visual Studio Version 17
VisualStudioVersion = 17.8.34408.163
MinimumVisualStudioVersion = 10.0.40219.1
Project("{FAE04EC0-301F-11D3-BF4B-00C04F79EFBC}") = "CSProjeDemo2", "CSProjeDemo2\CSProjeDemo2.csproj", "{2BA42362-6A66-4F9D-A7EE-59EB047E5091}"
EndProject
Project("{FAE04EC0-301F-11D3-BF4B-00C04F79EFBC}") = "CSProjeDemo2UI", "CSProjeDemo2UI\CSProjeDemo2UI.csproj", "{F53DD13A-9F4C-4A94-86E6-873AB859556F}"
EndProject
Global
	GlobalSection(SolutionConfigurationPlatforms) = preSolution
		Debug|Any CPU = Debug|Any CPU
		Release|Any CPU = Release|Any CPU
	EndGlobalSection
	GlobalSection(ProjectConfigurationPlatforms) = postSolution
		{2BA42362-6A66-4F9D-A7EE-59EB047E5091}.Debug|Any CPU.ActiveCfg = Debug|Any CPU
		{2BA42362-6A66-4F9D-A7EE-59EB047E5091}.Debug|Any CPU.Build.0 = Debug|Any CPU
		{2BA42362-6A66-4F9D-A7EE-59EB047E5091}.Release|Any CPU.ActiveCfg = Release|Any CPU
		{2BA42362-6A66-4F9D-A7EE-59EB047E5091}.Release|Any CPU.Build.0 = Release|Any CPU
		{F53DD13A-9F4C-4A94-86E6-873AB859556F}.Debug|Any CPU.ActiveCfg = Debug|Any CPU
		{F53DD13A-9F4C-4A94-86E6-873AB859556F}.Debug|Any CPU.Build.0 = Debug|Any CPU
		{F53DD13A-9F4C-4A94-86E6-873AB859556F}.Release|Any CPU.ActiveCfg = Release|Any CPU
		{F53DD13A-9F4C-4A94-86E6-873AB859556F}.Release|Any CPU.Build.0 = Release|Any CPU
	EndGlobalSection
	GlobalSection(SolutionProperties) = preSolution
		HideSolutionNode = FALSE
	EndGlobalSection
	GlobalSection(ExtensibilityGlobals) = postSolution
		SolutionGuid = {E94A8E7E-ED8C-4D25-9974-D91D71A82AB0}
	EndGlobalSection
EndGlobal
